
Microsoft Visual Studio Solution File, Format Version 12.00
# Visual Studio Version 17
VisualStudioVersion = 17.1.32414.318
MinimumVisualStudioVersion = 10.0.40219.1
Project("{FAE04EC0-301F-11D3-BF4B-00C04F79EFBC}") = "ClimaTempoSimples", "ClimaTempoSimples\ClimaTempoSimples.csproj", "{D2BDF9BC-B53E-4DD7-8C68-6BE337EAA7F7}"
EndProject
Project("{FAE04EC0-301F-11D3-BF4B-00C04F79EFBC}") = "ClimaTempoSimples.Tests", "ClimaTempoSimples.Tests\ClimaTempoSimples.Tests.csproj", "{5A8BA64E-DBC2-4A56-AB9D-B0E8C2FEFC22}"
EndProject
Global
	GlobalSection(SolutionConfigurationPlatforms) = preSolution
		Debug|Any CPU = Debug|Any CPU
		Release|Any CPU = Release|Any CPU
	EndGlobalSection
	GlobalSection(ProjectConfigurationPlatforms) = postSolution
		{D2BDF9BC-B53E-4DD7-8C68-6BE337EAA7F7}.Debug|Any CPU.ActiveCfg = Debug|Any CPU
		{D2BDF9BC-B53E-4DD7-8C68-6BE337EAA7F7}.Debug|Any CPU.Build.0 = Debug|Any CPU
		{D2BDF9BC-B53E-4DD7-8C68-6BE337EAA7F7}.Release|Any CPU.ActiveCfg = Release|Any CPU
		{D2BDF9BC-B53E-4DD7-8C68-6BE337EAA7F7}.Release|Any CPU.Build.0 = Release|Any CPU
		{5A8BA64E-DBC2-4A56-AB9D-B0E8C2FEFC22}.Debug|Any CPU.ActiveCfg = Debug|Any CPU
		{5A8BA64E-DBC2-4A56-AB9D-B0E8C2FEFC22}.Debug|Any CPU.Build.0 = Debug|Any CPU
		{5A8BA64E-DBC2-4A56-AB9D-B0E8C2FEFC22}.Release|Any CPU.ActiveCfg = Release|Any CPU
		{5A8BA64E-DBC2-4A56-AB9D-B0E8C2FEFC22}.Release|Any CPU.Build.0 = Release|Any CPU
	EndGlobalSection
	GlobalSection(SolutionProperties) = preSolution
		HideSolutionNode = FALSE
	EndGlobalSection
	GlobalSection(ExtensibilityGlobals) = postSolution
		SolutionGuid = {D51A5B54-F51A-453D-9C07-D0A8026B1B6B}
	EndGlobalSection
EndGlobal
